
Microsoft Visual Studio Solution File, Format Version 12.00
# Visual Studio Version 17
VisualStudioVersion = 17.14.36518.9 d17.14
MinimumVisualStudioVersion = 10.0.40219.1
Project("{FAE04EC0-301F-11D3-BF4B-00C04F79EFBC}") = "Task99_1", "Task99_1\Task99_1.csproj", "{36A62406-F963-46A4-8CDD-9B8B4F624A00}"
EndProject
Global
	GlobalSection(SolutionConfigurationPlatforms) = preSolution
		Debug|Any CPU = Debug|Any CPU
		Release|Any CPU = Release|Any CPU
	EndGlobalSection
	GlobalSection(ProjectConfigurationPlatforms) = postSolution
		{36A62406-F963-46A4-8CDD-9B8B4F624A00}.Debug|Any CPU.ActiveCfg = Debug|Any CPU
		{36A62406-F963-46A4-8CDD-9B8B4F624A00}.Debug|Any CPU.Build.0 = Debug|Any CPU
		{36A62406-F963-46A4-8CDD-9B8B4F624A00}.Release|Any CPU.ActiveCfg = Release|Any CPU
		{36A62406-F963-46A4-8CDD-9B8B4F624A00}.Release|Any CPU.Build.0 = Release|Any CPU
	EndGlobalSection
	GlobalSection(SolutionProperties) = preSolution
		HideSolutionNode = FALSE
	EndGlobalSection
	GlobalSection(ExtensibilityGlobals) = postSolution
		SolutionGuid = {E8298377-64F6-405C-9CCF-F42723EA0AF8}
	EndGlobalSection
EndGlobal
